// !$*UTF8*$!
{
	archiveVersion = 1;
	classes = {
	};
	objectVersion = 50;
	objects = {

/* Begin PBXBuildFile section */
		4601B41E268232E400DCB220 /* AppDelegate.swift in Sources */ = {isa = PBXBuildFile; fileRef = 4601B41D268232E400DCB220 /* AppDelegate.swift */; };
		4601B420268232E400DCB220 /* SceneDelegate.swift in Sources */ = {isa = PBXBuildFile; fileRef = 4601B41F268232E400DCB220 /* SceneDelegate.swift */; };
		4601B425268232E400DCB220 /* Main.storyboard in Resources */ = {isa = PBXBuildFile; fileRef = 4601B423268232E400DCB220 /* Main.storyboard */; };
		4601B427268232E500DCB220 /* Assets.xcassets in Resources */ = {isa = PBXBuildFile; fileRef = 4601B426268232E500DCB220 /* Assets.xcassets */; };
		4601B42A268232E500DCB220 /* LaunchScreen.storyboard in Resources */ = {isa = PBXBuildFile; fileRef = 4601B428268232E500DCB220 /* LaunchScreen.storyboard */; };
		4601B4362682340900DCB220 /* GoodNewsListTableViewController.swift in Sources */ = {isa = PBXBuildFile; fileRef = 4601B4352682340900DCB220 /* GoodNewsListTableViewController.swift */; };
		4601B43F26823C3700DCB220 /* WebService.swift in Sources */ = {isa = PBXBuildFile; fileRef = 4601B43E26823C3700DCB220 /* WebService.swift */; };
		4601B44326823E7800DCB220 /* Article.swift in Sources */ = {isa = PBXBuildFile; fileRef = 4601B44226823E7800DCB220 /* Article.swift */; };
		4601B448268244A300DCB220 /* ArticleViewModel.swift in Sources */ = {isa = PBXBuildFile; fileRef = 4601B447268244A300DCB220 /* ArticleViewModel.swift */; };
		4601B44C2682471100DCB220 /* ArticleTableViewCell.swift in Sources */ = {isa = PBXBuildFile; fileRef = 4601B44B2682471100DCB220 /* ArticleTableViewCell.swift */; };
/* End PBXBuildFile section */

/* Begin PBXFileReference section */
		4601B41A268232E400DCB220 /* GoodNews.app */ = {isa = PBXFileReference; explicitFileType = wrapper.application; includeInIndex = 0; path = GoodNews.app; sourceTree = BUILT_PRODUCTS_DIR; };
		4601B41D268232E400DCB220 /* AppDelegate.swift */ = {isa = PBXFileReference; lastKnownFileType = sourcecode.swift; path = AppDelegate.swift; sourceTree = "<group>"; };
		4601B41F268232E400DCB220 /* SceneDelegate.swift */ = {isa = PBXFileReference; lastKnownFileType = sourcecode.swift; path = SceneDelegate.swift; sourceTree = "<group>"; };
		4601B424268232E400DCB220 /* Base */ = {isa = PBXFileReference; lastKnownFileType = file.storyboard; name = Base; path = Base.lproj/Main.storyboard; sourceTree = "<group>"; };
		4601B426268232E500DCB220 /* Assets.xcassets */ = {isa = PBXFileReference; lastKnownFileType = folder.assetcatalog; path = Assets.xcassets; sourceTree = "<group>"; };
		4601B429268232E500DCB220 /* Base */ = {isa = PBXFileReference; lastKnownFileType = file.storyboard; name = Base; path = Base.lproj/LaunchScreen.storyboard; sourceTree = "<group>"; };
		4601B42B268232E500DCB220 /* Info.plist */ = {isa = PBXFileReference; lastKnownFileType = text.plist.xml; path = Info.plist; sourceTree = "<group>"; };
		4601B4352682340900DCB220 /* GoodNewsListTableViewController.swift */ = {isa = PBXFileReference; lastKnownFileType = sourcecode.swift; path = GoodNewsListTableViewController.swift; sourceTree = "<group>"; };
		4601B43E26823C3700DCB220 /* WebService.swift */ = {isa = PBXFileReference; lastKnownFileType = sourcecode.swift; path = WebService.swift; sourceTree = "<group>"; };
		4601B44226823E7800DCB220 /* Article.swift */ = {isa = PBXFileReference; lastKnownFileType = sourcecode.swift; path = Article.swift; sourceTree = "<group>"; };
		4601B447268244A300DCB220 /* ArticleViewModel.swift */ = {isa = PBXFileReference; lastKnownFileType = sourcecode.swift; path = ArticleViewModel.swift; sourceTree = "<group>"; };
		4601B44B2682471100DCB220 /* ArticleTableViewCell.swift */ = {isa = PBXFileReference; lastKnownFileType = sourcecode.swift; path = ArticleTableViewCell.swift; sourceTree = "<group>"; };
/* End PBXFileReference section */

/* Begin PBXFrameworksBuildPhase section */
		4601B417268232E400DCB220 /* Frameworks */ = {
			isa = PBXFrameworksBuildPhase;
			buildActionMask = 2147483647;
			files = (
			);
			runOnlyForDeploymentPostprocessing = 0;
		};
/* End PBXFrameworksBuildPhase section */

/* Begin PBXGroup section */
		4601B411268232E400DCB220 = {
			isa = PBXGroup;
			children = (
				4601B41C268232E400DCB220 /* GoodNews */,
				4601B41B268232E400DCB220 /* Products */,
			);
			sourceTree = "<group>";
		};
		4601B41B268232E400DCB220 /* Products */ = {
			isa = PBXGroup;
			children = (
				4601B41A268232E400DCB220 /* GoodNews.app */,
			);
			name = Products;
			sourceTree = "<group>";
		};
		4601B41C268232E400DCB220 /* GoodNews */ = {
			isa = PBXGroup;
			children = (
				4601B44A268246FF00DCB220 /* Cells */,
				4601B4452682448100DCB220 /* ViewModels */,
				4601B44126823E6800DCB220 /* Models */,
				4601B43D26823C2800DCB220 /* Services */,
				4601B433268233D700DCB220 /* Controllers */,
				4601B41D268232E400DCB220 /* AppDelegate.swift */,
				4601B41F268232E400DCB220 /* SceneDelegate.swift */,
				4601B423268232E400DCB220 /* Main.storyboard */,
				4601B426268232E500DCB220 /* Assets.xcassets */,
				4601B428268232E500DCB220 /* LaunchScreen.storyboard */,
				4601B42B268232E500DCB220 /* Info.plist */,
			);
			path = GoodNews;
			sourceTree = "<group>";
		};
		4601B433268233D700DCB220 /* Controllers */ = {
			isa = PBXGroup;
			children = (
				4601B4352682340900DCB220 /* GoodNewsListTableViewController.swift */,
			);
			path = Controllers;
			sourceTree = "<group>";
		};
		4601B43D26823C2800DCB220 /* Services */ = {
			isa = PBXGroup;
			children = (
				4601B43E26823C3700DCB220 /* WebService.swift */,
			);
			path = Services;
			sourceTree = "<group>";
		};
		4601B44126823E6800DCB220 /* Models */ = {
			isa = PBXGroup;
			children = (
				4601B44226823E7800DCB220 /* Article.swift */,
			);
			path = Models;
			sourceTree = "<group>";
		};
		4601B4452682448100DCB220 /* ViewModels */ = {
			isa = PBXGroup;
			children = (
				4601B447268244A300DCB220 /* ArticleViewModel.swift */,
			);
			path = ViewModels;
			sourceTree = "<group>";
		};
		4601B44A268246FF00DCB220 /* Cells */ = {
			isa = PBXGroup;
			children = (
				4601B44B2682471100DCB220 /* ArticleTableViewCell.swift */,
			);
			path = Cells;
			sourceTree = "<group>";
		};
/* End PBXGroup section */

/* Begin PBXNativeTarget section */
		4601B419268232E400DCB220 /* GoodNews */ = {
			isa = PBXNativeTarget;
			buildConfigurationList = 4601B42E268232E500DCB220 /* Build configuration list for PBXNativeTarget "GoodNews" */;
			buildPhases = (
				4601B416268232E400DCB220 /* Sources */,
				4601B417268232E400DCB220 /* Frameworks */,
				4601B418268232E400DCB220 /* Resources */,
			);
			buildRules = (
			);
			dependencies = (
			);
			name = GoodNews;
			productName = GoodNews;
			productReference = 4601B41A268232E400DCB220 /* GoodNews.app */;
			productType = "com.apple.product-type.application";
		};
/* End PBXNativeTarget section */

/* Begin PBXProject section */
		4601B412268232E400DCB220 /* Project object */ = {
			isa = PBXProject;
			attributes = {
				LastSwiftUpdateCheck = 1240;
				LastUpgradeCheck = 1240;
				TargetAttributes = {
					4601B419268232E400DCB220 = {
						CreatedOnToolsVersion = 12.4;
					};
				};
			};
			buildConfigurationList = 4601B415268232E400DCB220 /* Build configuration list for PBXProject "GoodNews" */;
			compatibilityVersion = "Xcode 9.3";
			developmentRegion = en;
			hasScannedForEncodings = 0;
			knownRegions = (
				en,
				Base,
			);
			mainGroup = 4601B411268232E400DCB220;
			productRefGroup = 4601B41B268232E400DCB220 /* Products */;
			projectDirPath = "";
			projectRoot = "";
			targets = (
				4601B419268232E400DCB220 /* GoodNews */,
			);
		};
/* End PBXProject section */

/* Begin PBXResourcesBuildPhase section */
		4601B418268232E400DCB220 /* Resources */ = {
			isa = PBXResourcesBuildPhase;
			buildActionMask = 2147483647;
			files = (
				4601B42A268232E500DCB220 /* LaunchScreen.storyboard in Resources */,
				4601B427268232E500DCB220 /* Assets.xcassets in Resources */,
				4601B425268232E400DCB220 /* Main.storyboard in Resources */,
			);
			runOnlyForDeploymentPostprocessing = 0;
		};
/* End PBXResourcesBuildPhase section */

/* Begin PBXSourcesBuildPhase section */
		4601B416268232E400DCB220 /* Sources */ = {
			isa = PBXSourcesBuildPhase;
			buildActionMask = 2147483647;
			files = (
				4601B41E268232E400DCB220 /* AppDelegate.swift in Sources */,
				4601B420268232E400DCB220 /* SceneDelegate.swift in Sources */,
				4601B43F26823C3700DCB220 /* WebService.swift in Sources */,
				4601B448268244A300DCB220 /* ArticleViewModel.swift in Sources */,
				4601B4362682340900DCB220 /* GoodNewsListTableViewController.swift in Sources */,
				4601B44C2682471100DCB220 /* ArticleTableViewCell.swift in Sources */,
				4601B44326823E7800DCB220 /* Article.swift in Sources */,
			);
			runOnlyForDeploymentPostprocessing = 0;
		};
/* End PBXSourcesBuildPhase section */

/* Begin PBXVariantGroup section */
		4601B423268232E400DCB220 /* Main.storyboard */ = {
			isa = PBXVariantGroup;
			children = (
				4601B424268232E400DCB220 /* Base */,
			);
			name = Main.storyboard;
			sourceTree = "<group>";
		};
		4601B428268232E500DCB220 /* LaunchScreen.storyboard */ = {
			isa = PBXVariantGroup;
			children = (
				4601B429268232E500DCB220 /* Base */,
			);
			name = LaunchScreen.storyboard;
			sourceTree = "<group>";
		};
/* End PBXVariantGroup section */

/* Begin XCBuildConfiguration section */
		4601B42C268232E500DCB220 /* Debug */ = {
			isa = XCBuildConfiguration;
			buildSettings = {
				ALWAYS_SEARCH_USER_PATHS = NO;
				CLANG_ANALYZER_NONNULL = YES;
				CLANG_ANALYZER_NUMBER_OBJECT_CONVERSION = YES_AGGRESSIVE;
				CLANG_CXX_LANGUAGE_STANDARD = "gnu++14";
				CLANG_CXX_LIBRARY = "libc++";
				CLANG_ENABLE_MODULES = YES;
				CLANG_ENABLE_OBJC_ARC = YES;
				CLANG_ENABLE_OBJC_WEAK = YES;
				CLANG_WARN_BLOCK_CAPTURE_AUTORELEASING = YES;
				CLANG_WARN_BOOL_CONVERSION = YES;
				CLANG_WARN_COMMA = YES;
				CLANG_WARN_CONSTANT_CONVERSION = YES;
				CLANG_WARN_DEPRECATED_OBJC_IMPLEMENTATIONS = YES;
				CLANG_WARN_DIRECT_OBJC_ISA_USAGE = YES_ERROR;
				CLANG_WARN_DOCUMENTATION_COMMENTS = YES;
				CLANG_WARN_EMPTY_BODY = YES;
				CLANG_WARN_ENUM_CONVERSION = YES;
				CLANG_WARN_INFINITE_RECURSION = YES;
				CLANG_WARN_INT_CONVERSION = YES;
				CLANG_WARN_NON_LITERAL_NULL_CONVERSION = YES;
				CLANG_WARN_OBJC_IMPLICIT_RETAIN_SELF = YES;
				CLANG_WARN_OBJC_LITERAL_CONVERSION = YES;
				CLANG_WARN_OBJC_ROOT_CLASS = YES_ERROR;
				CLANG_WARN_QUOTED_INCLUDE_IN_FRAMEWORK_HEADER = YES;
				CLANG_WARN_RANGE_LOOP_ANALYSIS = YES;
				CLANG_WARN_STRICT_PROTOTYPES = YES;
				CLANG_WARN_SUSPICIOUS_MOVE = YES;
				CLANG_WARN_UNGUARDED_AVAILABILITY = YES_AGGRESSIVE;
				CLANG_WARN_UNREACHABLE_CODE = YES;
				CLANG_WARN__DUPLICATE_METHOD_MATCH = YES;
				COPY_PHASE_STRIP = NO;
				DEBUG_INFORMATION_FORMAT = dwarf;
				ENABLE_STRICT_OBJC_MSGSEND = YES;
				ENABLE_TESTABILITY = YES;
				GCC_C_LANGUAGE_STANDARD = gnu11;
				GCC_DYNAMIC_NO_PIC = NO;
				GCC_NO_COMMON_BLOCKS = YES;
				GCC_OPTIMIZATION_LEVEL = 0;
				GCC_PREPROCESSOR_DEFINITIONS = (
					"DEBUG=1",
					"$(inherited)",
				);
				GCC_WARN_64_TO_32_BIT_CONVERSION = YES;
				GCC_WARN_ABOUT_RETURN_TYPE = YES_ERROR;
				GCC_WARN_UNDECLARED_SELECTOR = YES;
				GCC_WARN_UNINITIALIZED_AUTOS = YES_AGGRESSIVE;
				GCC_WARN_UNUSED_FUNCTION = YES;
				GCC_WARN_UNUSED_VARIABLE = YES;
				IPHONEOS_DEPLOYMENT_TARGET = 14.4;
				MTL_ENABLE_DEBUG_INFO = INCLUDE_SOURCE;
				MTL_FAST_MATH = YES;
				ONLY_ACTIVE_ARCH = YES;
				SDKROOT = iphoneos;
				SWIFT_ACTIVE_COMPILATION_CONDITIONS = DEBUG;
				SWIFT_OPTIMIZATION_LEVEL = "-Onone";
			};
			name = Debug;
		};
		4601B42D268232E500DCB220 /* Release */ = {
			isa = XCBuildConfiguration;
			buildSettings = {
				ALWAYS_SEARCH_USER_PATHS = NO;
				CLANG_ANALYZER_NONNULL = YES;
				CLANG_ANALYZER_NUMBER_OBJECT_CONVERSION = YES_AGGRESSIVE;
				CLANG_CXX_LANGUAGE_STANDARD = "gnu++14";
				CLANG_CXX_LIBRARY = "libc++";
				CLANG_ENABLE_MODULES = YES;
				CLANG_ENABLE_OBJC_ARC = YES;
				CLANG_ENABLE_OBJC_WEAK = YES;
				CLANG_WARN_BLOCK_CAPTURE_AUTORELEASING = YES;
				CLANG_WARN_BOOL_CONVERSION = YES;
				CLANG_WARN_COMMA = YES;
				CLANG_WARN_CONSTANT_CONVERSION = YES;
				CLANG_WARN_DEPRECATED_OBJC_IMPLEMENTATIONS = YES;
				CLANG_WARN_DIRECT_OBJC_ISA_USAGE = YES_ERROR;
				CLANG_WARN_DOCUMENTATION_COMMENTS = YES;
				CLANG_WARN_EMPTY_BODY = YES;
				CLANG_WARN_ENUM_CONVERSION = YES;
				CLANG_WARN_INFINITE_RECURSION = YES;
				CLANG_WARN_INT_CONVERSION = YES;
				CLANG_WARN_NON_LITERAL_NULL_CONVERSION = YES;
				CLANG_WARN_OBJC_IMPLICIT_RETAIN_SELF = YES;
				CLANG_WARN_OBJC_LITERAL_CONVERSION = YES;
				CLANG_WARN_OBJC_ROOT_CLASS = YES_ERROR;
				CLANG_WARN_QUOTED_INCLUDE_IN_FRAMEWORK_HEADER = YES;
				CLANG_WARN_RANGE_LOOP_ANALYSIS = YES;
				CLANG_WARN_STRICT_PROTOTYPES = YES;
				CLANG_WARN_SUSPICIOUS_MOVE = YES;
				CLANG_WARN_UNGUARDED_AVAILABILITY = YES_AGGRESSIVE;
				CLANG_WARN_UNREACHABLE_CODE = YES;
				CLANG_WARN__DUPLICATE_METHOD_MATCH = YES;
				COPY_PHASE_STRIP = NO;
				DEBUG_INFORMATION_FORMAT = "dwarf-with-dsym";
				ENABLE_NS_ASSERTIONS = NO;
				ENABLE_STRICT_OBJC_MSGSEND = YES;
				GCC_C_LANGUAGE_STANDARD = gnu11;
				GCC_NO_COMMON_BLOCKS = YES;
				GCC_WARN_64_TO_32_BIT_CONVERSION = YES;
				GCC_WARN_ABOUT_RETURN_TYPE = YES_ERROR;
				GCC_WARN_UNDECLARED_SELECTOR = YES;
				GCC_WARN_UNINITIALIZED_AUTOS = YES_AGGRESSIVE;
				GCC_WARN_UNUSED_FUNCTION = YES;
				GCC_WARN_UNUSED_VARIABLE = YES;
				IPHONEOS_DEPLOYMENT_TARGET = 14.4;
				MTL_ENABLE_DEBUG_INFO = NO;
				MTL_FAST_MATH = YES;
				SDKROOT = iphoneos;
				SWIFT_COMPILATION_MODE = wholemodule;
				SWIFT_OPTIMIZATION_LEVEL = "-O";
				VALIDATE_PRODUCT = YES;
			};
			name = Release;
		};
		4601B42F268232E500DCB220 /* Debug */ = {
			isa = XCBuildConfiguration;
			buildSettings = {
				ASSETCATALOG_COMPILER_APPICON_NAME = AppIcon;
				ASSETCATALOG_COMPILER_GLOBAL_ACCENT_COLOR_NAME = AccentColor;
				CODE_SIGN_STYLE = Automatic;
				DEVELOPMENT_TEAM = 3XA87D77BQ;
				INFOPLIST_FILE = GoodNews/Info.plist;
				LD_RUNPATH_SEARCH_PATHS = (
					"$(inherited)",
					"@executable_path/Frameworks",
				);
				PRODUCT_BUNDLE_IDENTIFIER = com.rafaelplinio.GoodNews;
				PRODUCT_NAME = "$(TARGET_NAME)";
				SWIFT_VERSION = 5.0;
				TARGETED_DEVICE_FAMILY = "1,2";
			};
			name = Debug;
		};
		4601B430268232E500DCB220 /* Release */ = {
			isa = XCBuildConfiguration;
			buildSettings = {
				ASSETCATALOG_COMPILER_APPICON_NAME = AppIcon;
				ASSETCATALOG_COMPILER_GLOBAL_ACCENT_COLOR_NAME = AccentColor;
				CODE_SIGN_STYLE = Automatic;
				DEVELOPMENT_TEAM = 3XA87D77BQ;
				INFOPLIST_FILE = GoodNews/Info.plist;
				LD_RUNPATH_SEARCH_PATHS = (
					"$(inherited)",
					"@executable_path/Frameworks",
				);
				PRODUCT_BUNDLE_IDENTIFIER = com.rafaelplinio.GoodNews;
				PRODUCT_NAME = "$(TARGET_NAME)";
				SWIFT_VERSION = 5.0;
				TARGETED_DEVICE_FAMILY = "1,2";
			};
			name = Release;
		};
/* End XCBuildConfiguration section */

/* Begin XCConfigurationList section */
		4601B415268232E400DCB220 /* Build configuration list for PBXProject "GoodNews" */ = {
			isa = XCConfigurationList;
			buildConfigurations = (
				4601B42C268232E500DCB220 /* Debug */,
				4601B42D268232E500DCB220 /* Release */,
			);
			defaultConfigurationIsVisible = 0;
			defaultConfigurationName = Release;
		};
		4601B42E268232E500DCB220 /* Build configuration list for PBXNativeTarget "GoodNews" */ = {
			isa = XCConfigurationList;
			buildConfigurations = (
				4601B42F268232E500DCB220 /* Debug */,
				4601B430268232E500DCB220 /* Release */,
			);
			defaultConfigurationIsVisible = 0;
			defaultConfigurationName = Release;
		};
/* End XCConfigurationList section */
	};
	rootObject = 4601B412268232E400DCB220 /* Project object */;
}
